
Microsoft Visual Studio Solution File, Format Version 12.00
# Visual Studio 15
VisualStudioVersion = 15.0.28307.168
MinimumVisualStudioVersion = 10.0.40219.1
Project("{8BC9CEB8-8B4A-11D0-8D11-00A0C91BC942}") = "UP_2016.07", "UP_2016.07\UP_2016.07.vcxproj", "{CE679701-06E0-443B-B074-727170CEB87D}"
EndProject
Global
	GlobalSection(SolutionConfigurationPlatforms) = preSolution
		Debug|x64 = Debug|x64
		Debug|x86 = Debug|x86
		Release|x64 = Release|x64
		Release|x86 = Release|x86
	EndGlobalSection
	GlobalSection(ProjectConfigurationPlatforms) = postSolution
		{CE679701-06E0-443B-B074-727170CEB87D}.Debug|x64.ActiveCfg = Debug|x64
		{CE679701-06E0-443B-B074-727170CEB87D}.Debug|x64.Build.0 = Debug|x64
		{CE679701-06E0-443B-B074-727170CEB87D}.Debug|x86.ActiveCfg = Debug|Win32
		{CE679701-06E0-443B-B074-727170CEB87D}.Debug|x86.Build.0 = Debug|Win32
		{CE679701-06E0-443B-B074-727170CEB87D}.Release|x64.ActiveCfg = Release|x64
		{CE679701-06E0-443B-B074-727170CEB87D}.Release|x64.Build.0 = Release|x64
		{CE679701-06E0-443B-B074-727170CEB87D}.Release|x86.ActiveCfg = Release|Win32
		{CE679701-06E0-443B-B074-727170CEB87D}.Release|x86.Build.0 = Release|Win32
	EndGlobalSection
	GlobalSection(SolutionProperties) = preSolution
		HideSolutionNode = FALSE
	EndGlobalSection
	GlobalSection(ExtensibilityGlobals) = postSolution
		SolutionGuid = {374AE9A7-BDEB-48CD-B43A-9CE67B2A7E2B}
	EndGlobalSection
EndGlobal
